dependencies:
- name: docker-registry
  repository: https://twuni.github.io/docker-registry.helm
  version: 2.2.2
- name: flyte-binary
  repository: file://../flyte-binary
  version: v0.2.0
- name: rustfs
  repository: https://rustfs.github.io/helm
  version: 0.0.94
digest: sha256:9bde6ba7c25e8c070b3db466cd38fb19c5c55b0f5701312a4d269bd6eb350508
generated: "2026-08-05T14:53:33.684462683+08:00"
